
Microsoft Visual Studio Solution File, Format Version 12.00
# Visual Studio Version 17
VisualStudioVersion = 17.11.35327.3
MinimumVisualStudioVersion = 10.0.40219.1
Project("{FAE04EC0-301F-11D3-BF4B-00C04F79EFBC}") = "Modificadores de Acesso", "Modificadores de Acesso\Modificadores de Acesso.csproj", "{D308E045-5E26-49EA-9B9D-47DB2877EA2C}"
EndProject
Global
	GlobalSection(SolutionConfigurationPlatforms) = preSolution
		Debug|Any CPU = Debug|Any CPU
		Release|Any CPU = Release|Any CPU
	EndGlobalSection
	GlobalSection(ProjectConfigurationPlatforms) = postSolution
		{D308E045-5E26-49EA-9B9D-47DB2877EA2C}.Debug|Any CPU.ActiveCfg = Debug|Any CPU
		{D308E045-5E26-49EA-9B9D-47DB2877EA2C}.Debug|Any CPU.Build.0 = Debug|Any CPU
		{D308E045-5E26-49EA-9B9D-47DB2877EA2C}.Release|Any CPU.ActiveCfg = Release|Any CPU
		{D308E045-5E26-49EA-9B9D-47DB2877EA2C}.Release|Any CPU.Build.0 = Release|Any CPU
	EndGlobalSection
	GlobalSection(SolutionProperties) = preSolution
		HideSolutionNode = FALSE
	EndGlobalSection
	GlobalSection(ExtensibilityGlobals) = postSolution
		SolutionGuid = {5EE250CB-830B-493F-8270-580DA5586926}
	EndGlobalSection
EndGlobal
