
Microsoft Visual Studio Solution File, Format Version 12.00
# Visual Studio Version 17
VisualStudioVersion = 17.11.35327.3
MinimumVisualStudioVersion = 10.0.40219.1
Project("{FAE04EC0-301F-11D3-BF4B-00C04F79EFBC}") = "Acesso_Protegido_Protected", "Acesso_Protegido_Protected\Acesso_Protegido_Protected.csproj", "{0BF46419-04A6-4EFB-9E49-F2D62A74B5AF}"
EndProject
Global
	GlobalSection(SolutionConfigurationPlatforms) = preSolution
		Debug|Any CPU = Debug|Any CPU
		Release|Any CPU = Release|Any CPU
	EndGlobalSection
	GlobalSection(ProjectConfigurationPlatforms) = postSolution
		{0BF46419-04A6-4EFB-9E49-F2D62A74B5AF}.Debug|Any CPU.ActiveCfg = Debug|Any CPU
		{0BF46419-04A6-4EFB-9E49-F2D62A74B5AF}.Debug|Any CPU.Build.0 = Debug|Any CPU
		{0BF46419-04A6-4EFB-9E49-F2D62A74B5AF}.Release|Any CPU.ActiveCfg = Release|Any CPU
		{0BF46419-04A6-4EFB-9E49-F2D62A74B5AF}.Release|Any CPU.Build.0 = Release|Any CPU
	EndGlobalSection
	GlobalSection(SolutionProperties) = preSolution
		HideSolutionNode = FALSE
	EndGlobalSection
	GlobalSection(ExtensibilityGlobals) = postSolution
		SolutionGuid = {545AECF9-FB15-4D65-B9C2-6C775E98EF87}
	EndGlobalSection
EndGlobal
