
Microsoft Visual Studio Solution File, Format Version 12.00
# Visual Studio Version 17
VisualStudioVersion = 17.11.35327.3
MinimumVisualStudioVersion = 10.0.40219.1
Project("{FAE04EC0-301F-11D3-BF4B-00C04F79EFBC}") = "Fatorial", "Fatorial\Fatorial.csproj", "{3253EB59-1C45-4571-8206-6E01AD0B61CC}"
EndProject
Global
	GlobalSection(SolutionConfigurationPlatforms) = preSolution
		Debug|Any CPU = Debug|Any CPU
		Release|Any CPU = Release|Any CPU
	EndGlobalSection
	GlobalSection(ProjectConfigurationPlatforms) = postSolution
		{3253EB59-1C45-4571-8206-6E01AD0B61CC}.Debug|Any CPU.ActiveCfg = Debug|Any CPU
		{3253EB59-1C45-4571-8206-6E01AD0B61CC}.Debug|Any CPU.Build.0 = Debug|Any CPU
		{3253EB59-1C45-4571-8206-6E01AD0B61CC}.Release|Any CPU.ActiveCfg = Release|Any CPU
		{3253EB59-1C45-4571-8206-6E01AD0B61CC}.Release|Any CPU.Build.0 = Release|Any CPU
	EndGlobalSection
	GlobalSection(SolutionProperties) = preSolution
		HideSolutionNode = FALSE
	EndGlobalSection
	GlobalSection(ExtensibilityGlobals) = postSolution
		SolutionGuid = {DA4F5CB1-509F-4599-A6E2-9309C3587954}
	EndGlobalSection
EndGlobal
