
Microsoft Visual Studio Solution File, Format Version 12.00
# Visual Studio Version 17
VisualStudioVersion = 17.11.35327.3
MinimumVisualStudioVersion = 10.0.40219.1
Project("{FAE04EC0-301F-11D3-BF4B-00C04F79EFBC}") = "Break", "Break\Break.csproj", "{E6675777-C773-46E3-AD24-DB96C18901FD}"
EndProject
Global
	GlobalSection(SolutionConfigurationPlatforms) = preSolution
		Debug|Any CPU = Debug|Any CPU
		Release|Any CPU = Release|Any CPU
	EndGlobalSection
	GlobalSection(ProjectConfigurationPlatforms) = postSolution
		{E6675777-C773-46E3-AD24-DB96C18901FD}.Debug|Any CPU.ActiveCfg = Debug|Any CPU
		{E6675777-C773-46E3-AD24-DB96C18901FD}.Debug|Any CPU.Build.0 = Debug|Any CPU
		{E6675777-C773-46E3-AD24-DB96C18901FD}.Release|Any CPU.ActiveCfg = Release|Any CPU
		{E6675777-C773-46E3-AD24-DB96C18901FD}.Release|Any CPU.Build.0 = Release|Any CPU
	EndGlobalSection
	GlobalSection(SolutionProperties) = preSolution
		HideSolutionNode = FALSE
	EndGlobalSection
	GlobalSection(ExtensibilityGlobals) = postSolution
		SolutionGuid = {381DCFEB-A822-408F-B373-6A4C693FAEF2}
	EndGlobalSection
EndGlobal
