
Microsoft Visual Studio Solution File, Format Version 12.00
# Visual Studio Version 17
VisualStudioVersion = 17.11.35327.3
MinimumVisualStudioVersion = 10.0.40219.1
Project("{FAE04EC0-301F-11D3-BF4B-00C04F79EFBC}") = "Trabalhar com ListBox", "Trabalhar com ListBox\Trabalhar com ListBox.csproj", "{91E2008D-8470-440E-A201-C4CEB053A4DB}"
EndProject
Global
	GlobalSection(SolutionConfigurationPlatforms) = preSolution
		Debug|Any CPU = Debug|Any CPU
		Release|Any CPU = Release|Any CPU
	EndGlobalSection
	GlobalSection(ProjectConfigurationPlatforms) = postSolution
		{91E2008D-8470-440E-A201-C4CEB053A4DB}.Debug|Any CPU.ActiveCfg = Debug|Any CPU
		{91E2008D-8470-440E-A201-C4CEB053A4DB}.Debug|Any CPU.Build.0 = Debug|Any CPU
		{91E2008D-8470-440E-A201-C4CEB053A4DB}.Release|Any CPU.ActiveCfg = Release|Any CPU
		{91E2008D-8470-440E-A201-C4CEB053A4DB}.Release|Any CPU.Build.0 = Release|Any CPU
	EndGlobalSection
	GlobalSection(SolutionProperties) = preSolution
		HideSolutionNode = FALSE
	EndGlobalSection
	GlobalSection(ExtensibilityGlobals) = postSolution
		SolutionGuid = {44E135DC-E80A-48EA-8972-51A510259EE3}
	EndGlobalSection
EndGlobal
