
Microsoft Visual Studio Solution File, Format Version 12.00
# Visual Studio Version 17
VisualStudioVersion = 17.11.35327.3
MinimumVisualStudioVersion = 10.0.40219.1
Project("{FAE04EC0-301F-11D3-BF4B-00C04F79EFBC}") = "Métodos", "Métodos\Métodos.csproj", "{7EA2A18F-2956-49AA-B462-6F21CF262165}"
EndProject
Global
	GlobalSection(SolutionConfigurationPlatforms) = preSolution
		Debug|Any CPU = Debug|Any CPU
		Release|Any CPU = Release|Any CPU
	EndGlobalSection
	GlobalSection(ProjectConfigurationPlatforms) = postSolution
		{7EA2A18F-2956-49AA-B462-6F21CF262165}.Debug|Any CPU.ActiveCfg = Debug|Any CPU
		{7EA2A18F-2956-49AA-B462-6F21CF262165}.Debug|Any CPU.Build.0 = Debug|Any CPU
		{7EA2A18F-2956-49AA-B462-6F21CF262165}.Release|Any CPU.ActiveCfg = Release|Any CPU
		{7EA2A18F-2956-49AA-B462-6F21CF262165}.Release|Any CPU.Build.0 = Release|Any CPU
	EndGlobalSection
	GlobalSection(SolutionProperties) = preSolution
		HideSolutionNode = FALSE
	EndGlobalSection
	GlobalSection(ExtensibilityGlobals) = postSolution
		SolutionGuid = {62998D78-E535-47B5-9A7D-63A55E67D009}
	EndGlobalSection
EndGlobal
