
Microsoft Visual Studio Solution File, Format Version 12.00
# Visual Studio Version 17
VisualStudioVersion = 17.11.35327.3
MinimumVisualStudioVersion = 10.0.40219.1
Project("{FAE04EC0-301F-11D3-BF4B-00C04F79EFBC}") = "Olá Mundo", "Olá Mundo\Olá Mundo.csproj", "{DCAD2FC1-B7D3-4834-AF0F-C4F4687CE188}"
EndProject
Global
	GlobalSection(SolutionConfigurationPlatforms) = preSolution
		Debug|Any CPU = Debug|Any CPU
		Release|Any CPU = Release|Any CPU
	EndGlobalSection
	GlobalSection(ProjectConfigurationPlatforms) = postSolution
		{DCAD2FC1-B7D3-4834-AF0F-C4F4687CE188}.Debug|Any CPU.ActiveCfg = Debug|Any CPU
		{DCAD2FC1-B7D3-4834-AF0F-C4F4687CE188}.Debug|Any CPU.Build.0 = Debug|Any CPU
		{DCAD2FC1-B7D3-4834-AF0F-C4F4687CE188}.Release|Any CPU.ActiveCfg = Release|Any CPU
		{DCAD2FC1-B7D3-4834-AF0F-C4F4687CE188}.Release|Any CPU.Build.0 = Release|Any CPU
	EndGlobalSection
	GlobalSection(SolutionProperties) = preSolution
		HideSolutionNode = FALSE
	EndGlobalSection
	GlobalSection(ExtensibilityGlobals) = postSolution
		SolutionGuid = {168905C7-9CBF-4D04-B748-A185614E2B01}
	EndGlobalSection
EndGlobal
