
Microsoft Visual Studio Solution File, Format Version 12.00
# Visual Studio Version 17
VisualStudioVersion = 17.11.35327.3
MinimumVisualStudioVersion = 10.0.40219.1
Project("{FAE04EC0-301F-11D3-BF4B-00C04F79EFBC}") = "Continue", "Continue\Continue.csproj", "{DAB631BD-6985-4305-B26C-ABDDD53D36DF}"
EndProject
Global
	GlobalSection(SolutionConfigurationPlatforms) = preSolution
		Debug|Any CPU = Debug|Any CPU
		Release|Any CPU = Release|Any CPU
	EndGlobalSection
	GlobalSection(ProjectConfigurationPlatforms) = postSolution
		{DAB631BD-6985-4305-B26C-ABDDD53D36DF}.Debug|Any CPU.ActiveCfg = Debug|Any CPU
		{DAB631BD-6985-4305-B26C-ABDDD53D36DF}.Debug|Any CPU.Build.0 = Debug|Any CPU
		{DAB631BD-6985-4305-B26C-ABDDD53D36DF}.Release|Any CPU.ActiveCfg = Release|Any CPU
		{DAB631BD-6985-4305-B26C-ABDDD53D36DF}.Release|Any CPU.Build.0 = Release|Any CPU
	EndGlobalSection
	GlobalSection(SolutionProperties) = preSolution
		HideSolutionNode = FALSE
	EndGlobalSection
	GlobalSection(ExtensibilityGlobals) = postSolution
		SolutionGuid = {F4A42669-B149-4611-9DFC-414A52961FD1}
	EndGlobalSection
EndGlobal
