
Microsoft Visual Studio Solution File, Format Version 12.00
# Visual Studio Version 17
VisualStudioVersion = 17.11.35327.3
MinimumVisualStudioVersion = 10.0.40219.1
Project("{FAE04EC0-301F-11D3-BF4B-00C04F79EFBC}") = "Laço Wile 2", "Laço Wile 2\Laço Wile 2.csproj", "{35F28F19-2D58-4A11-8FD5-CF55FD044B36}"
EndProject
Global
	GlobalSection(SolutionConfigurationPlatforms) = preSolution
		Debug|Any CPU = Debug|Any CPU
		Release|Any CPU = Release|Any CPU
	EndGlobalSection
	GlobalSection(ProjectConfigurationPlatforms) = postSolution
		{35F28F19-2D58-4A11-8FD5-CF55FD044B36}.Debug|Any CPU.ActiveCfg = Debug|Any CPU
		{35F28F19-2D58-4A11-8FD5-CF55FD044B36}.Debug|Any CPU.Build.0 = Debug|Any CPU
		{35F28F19-2D58-4A11-8FD5-CF55FD044B36}.Release|Any CPU.ActiveCfg = Release|Any CPU
		{35F28F19-2D58-4A11-8FD5-CF55FD044B36}.Release|Any CPU.Build.0 = Release|Any CPU
	EndGlobalSection
	GlobalSection(SolutionProperties) = preSolution
		HideSolutionNode = FALSE
	EndGlobalSection
	GlobalSection(ExtensibilityGlobals) = postSolution
		SolutionGuid = {3F99E647-06F1-4E4D-864B-DEC36A4AA5C9}
	EndGlobalSection
EndGlobal
