
Microsoft Visual Studio Solution File, Format Version 12.00
# Visual Studio Version 17
VisualStudioVersion = 17.11.35327.3
MinimumVisualStudioVersion = 10.0.40219.1
Project("{FAE04EC0-301F-11D3-BF4B-00C04F79EFBC}") = "Arrays 01", "Arrays 01\Arrays 01.csproj", "{FD127967-A077-430C-BA59-FB3C7447BD92}"
EndProject
Global
	GlobalSection(SolutionConfigurationPlatforms) = preSolution
		Debug|Any CPU = Debug|Any CPU
		Release|Any CPU = Release|Any CPU
	EndGlobalSection
	GlobalSection(ProjectConfigurationPlatforms) = postSolution
		{FD127967-A077-430C-BA59-FB3C7447BD92}.Debug|Any CPU.ActiveCfg = Debug|Any CPU
		{FD127967-A077-430C-BA59-FB3C7447BD92}.Debug|Any CPU.Build.0 = Debug|Any CPU
		{FD127967-A077-430C-BA59-FB3C7447BD92}.Release|Any CPU.ActiveCfg = Release|Any CPU
		{FD127967-A077-430C-BA59-FB3C7447BD92}.Release|Any CPU.Build.0 = Release|Any CPU
	EndGlobalSection
	GlobalSection(SolutionProperties) = preSolution
		HideSolutionNode = FALSE
	EndGlobalSection
	GlobalSection(ExtensibilityGlobals) = postSolution
		SolutionGuid = {586E8126-A5F8-483F-B419-5C51596689FD}
	EndGlobalSection
EndGlobal
