
Microsoft Visual Studio Solution File, Format Version 12.00
# Visual Studio Version 17
VisualStudioVersion = 17.11.35327.3
MinimumVisualStudioVersion = 10.0.40219.1
Project("{FAE04EC0-301F-11D3-BF4B-00C04F79EFBC}") = "GUI-01", "GUI-01\GUI-01.csproj", "{B059EEAF-E2E7-480A-AAF3-11FD22073C3A}"
EndProject
Global
	GlobalSection(SolutionConfigurationPlatforms) = preSolution
		Debug|Any CPU = Debug|Any CPU
		Release|Any CPU = Release|Any CPU
	EndGlobalSection
	GlobalSection(ProjectConfigurationPlatforms) = postSolution
		{B059EEAF-E2E7-480A-AAF3-11FD22073C3A}.Debug|Any CPU.ActiveCfg = Debug|Any CPU
		{B059EEAF-E2E7-480A-AAF3-11FD22073C3A}.Debug|Any CPU.Build.0 = Debug|Any CPU
		{B059EEAF-E2E7-480A-AAF3-11FD22073C3A}.Release|Any CPU.ActiveCfg = Release|Any CPU
		{B059EEAF-E2E7-480A-AAF3-11FD22073C3A}.Release|Any CPU.Build.0 = Release|Any CPU
	EndGlobalSection
	GlobalSection(SolutionProperties) = preSolution
		HideSolutionNode = FALSE
	EndGlobalSection
	GlobalSection(ExtensibilityGlobals) = postSolution
		SolutionGuid = {A7D2EDD4-A338-445D-9B31-E7ABFAEDC03B}
	EndGlobalSection
EndGlobal
